
Microsoft Visual Studio Solution File, Format Version 12.00
# Visual Studio Version 17
VisualStudioVersion = 17.2.32616.157
MinimumVisualStudioVersion = 10.0.40219.1
Project("{9A19103F-16F7-4668-BE54-9A1E7A4F7556}") = "AprendendoCSharp", "AprendendoCSharp\AprendendoCSharp.csproj", "{9A6F2ECA-9249-4C73-A5D1-F225520D18A0}"
EndProject
Project("{9A19103F-16F7-4668-BE54-9A1E7A4F7556}") = "Criando_Variaveis1", "Criando_Variaveis1\Criando_Variaveis1.csproj", "{C86397E7-8A68-48F0-A496-853FDB67BEBF}"
EndProject
Project("{9A19103F-16F7-4668-BE54-9A1E7A4F7556}") = "Criando_Variaveis2", "CriandoVariaveis2\Criando_Variaveis2.csproj", "{494445B2-D5B6-4A3E-8CB8-C6FFA2A8E22F}"
EndProject
Project("{9A19103F-16F7-4668-BE54-9A1E7A4F7556}") = "ConversoesEOutrosTipos", "ConversoesEOutrosTipos\ConversoesEOutrosTipos.csproj", "{D0CA968E-FAC5-41AC-930D-889D60580FC9}"
EndProject
Project("{9A19103F-16F7-4668-BE54-9A1E7A4F7556}") = "VariaveisChar", "VariaveisChar\VariaveisChar.csproj", "{06543F01-6C79-4669-A8C7-124727F98A9A}"
EndProject
Project("{9A19103F-16F7-4668-BE54-9A1E7A4F7556}") = "VariaveisString", "VariaveisString\VariaveisString.csproj", "{5F51F264-8540-4F8E-84E6-46261AC3A0F8}"
EndProject
Project("{9A19103F-16F7-4668-BE54-9A1E7A4F7556}") = "AtribuicoesDeVariaveis", "AtribuicoesDeVariaveis\AtribuicoesDeVariaveis.csproj", "{5C549FCA-F7F4-430E-AA85-53D21BA62019}"
EndProject
Project("{9A19103F-16F7-4668-BE54-9A1E7A4F7556}") = "Condicionais", "Condicionais\Condicionais.csproj", "{25A8FDD6-5CE5-4EBD-8678-1495E2F9E5A9}"
EndProject
Project("{9A19103F-16F7-4668-BE54-9A1E7A4F7556}") = "Condicionais2Bool", "Condicionais2Bool\Condicionais2Bool.csproj", "{50F876BA-00B9-4D46-8D0B-6235F317AB4B}"
EndProject
Project("{9A19103F-16F7-4668-BE54-9A1E7A4F7556}") = "Escopo", "Escopo\Escopo.csproj", "{FF2121FF-49CE-4F71-AA3F-30F2BB367ADB}"
EndProject
Project("{9A19103F-16F7-4668-BE54-9A1E7A4F7556}") = "SwitchCase", "SwitchCase\SwitchCase.csproj", "{62FDE938-3720-49E1-AB35-31E64A1040EA}"
EndProject
Project("{9A19103F-16F7-4668-BE54-9A1E7A4F7556}") = "DesafioIR", "DesafioIR\DesafioIR.csproj", "{D81E3CC3-FAA1-4A0B-AA18-B9275AA6744D}"
EndProject
Project("{9A19103F-16F7-4668-BE54-9A1E7A4F7556}") = "WhileCalculoPoupanca", "WhileCalculoPoupanca\WhileCalculoPoupanca.csproj", "{C11F5E96-F219-4151-8F67-57933C337D7C}"
EndProject
Project("{9A19103F-16F7-4668-BE54-9A1E7A4F7556}") = "ForCalculoPoupanca", "ForCalculoPoupanca\ForCalculoPoupanca.csproj", "{D4316920-7094-4AD7-B66A-478B98D5F31D}"
EndProject
Project("{9A19103F-16F7-4668-BE54-9A1E7A4F7556}") = "ForInvestimentoALongoPrazo", "ForInvestimentoALongoPrazo\ForInvestimentoALongoPrazo.csproj", "{0F1BF651-5363-4451-B5FB-C313E6B6583A}"
EndProject
Project("{9A19103F-16F7-4668-BE54-9A1E7A4F7556}") = "EncadeandoFor", "EncadeandoFor\EncadeandoFor.csproj", "{465DA88D-0B0D-4AE4-AF13-47CDA6E1780E}"
EndProject
Project("{9A19103F-16F7-4668-BE54-9A1E7A4F7556}") = "MultiplosDe3", "MultiplosDe3\MultiplosDe3.csproj", "{EF1809D8-AB5D-4FE6-B112-477A2D2E582E}"
EndProject
Project("{9A19103F-16F7-4668-BE54-9A1E7A4F7556}") = "Fatorial", "Fatorial\Fatorial.csproj", "{37E4F38E-C48F-4EAE-A29E-08C8D7DF3BD0}"
EndProject
Project("{9A19103F-16F7-4668-BE54-9A1E7A4F7556}") = "BytebankPOO", "BytebankPOO\BytebankPOO.csproj", "{129E7171-98B8-41B3-949A-64295BC64308}"
EndProject
Project("{9A19103F-16F7-4668-BE54-9A1E7A4F7556}") = "ByteBank_Adm", "ByteBank_Adm\ByteBank_Adm.csproj", "{4554DAB2-8BA2-46D7-94A7-43EC60A421F4}"
EndProject
Project("{9A19103F-16F7-4668-BE54-9A1E7A4F7556}") = "bytebank_ATENDIMENTO", "..\..\..\Downloads\Array_Collections_C-CodigoInicial\bytebank_ATENDIMENTO\bytebank_ATENDIMENTO.csproj", "{6857F435-A403-409F-A4DC-699C4FBF8EA1}"
EndProject
Global
	GlobalSection(SolutionConfigurationPlatforms) = preSolution
		Debug|Any CPU = Debug|Any CPU
		Release|Any CPU = Release|Any CPU
	EndGlobalSection
	GlobalSection(ProjectConfigurationPlatforms) = postSolution
		{9A6F2ECA-9249-4C73-A5D1-F225520D18A0}.Debug|Any CPU.ActiveCfg = Debug|Any CPU
		{9A6F2ECA-9249-4C73-A5D1-F225520D18A0}.Debug|Any CPU.Build.0 = Debug|Any CPU
		{9A6F2ECA-9249-4C73-A5D1-F225520D18A0}.Release|Any CPU.ActiveCfg = Release|Any CPU
		{9A6F2ECA-9249-4C73-A5D1-F225520D18A0}.Release|Any CPU.Build.0 = Release|Any CPU
		{C86397E7-8A68-48F0-A496-853FDB67BEBF}.Debug|Any CPU.ActiveCfg = Debug|Any CPU
		{C86397E7-8A68-48F0-A496-853FDB67BEBF}.Debug|Any CPU.Build.0 = Debug|Any CPU
		{C86397E7-8A68-48F0-A496-853FDB67BEBF}.Release|Any CPU.ActiveCfg = Release|Any CPU
		{C86397E7-8A68-48F0-A496-853FDB67BEBF}.Release|Any CPU.Build.0 = Release|Any CPU
		{494445B2-D5B6-4A3E-8CB8-C6FFA2A8E22F}.Debug|Any CPU.ActiveCfg = Debug|Any CPU
		{494445B2-D5B6-4A3E-8CB8-C6FFA2A8E22F}.Debug|Any CPU.Build.0 = Debug|Any CPU
		{494445B2-D5B6-4A3E-8CB8-C6FFA2A8E22F}.Release|Any CPU.ActiveCfg = Release|Any CPU
		{494445B2-D5B6-4A3E-8CB8-C6FFA2A8E22F}.Release|Any CPU.Build.0 = Release|Any CPU
		{D0CA968E-FAC5-41AC-930D-889D60580FC9}.Debug|Any CPU.ActiveCfg = Debug|Any CPU
		{D0CA968E-FAC5-41AC-930D-889D60580FC9}.Debug|Any CPU.Build.0 = Debug|Any CPU
		{D0CA968E-FAC5-41AC-930D-889D60580FC9}.Release|Any CPU.ActiveCfg = Release|Any CPU
		{D0CA968E-FAC5-41AC-930D-889D60580FC9}.Release|Any CPU.Build.0 = Release|Any CPU
		{06543F01-6C79-4669-A8C7-124727F98A9A}.Debug|Any CPU.ActiveCfg = Debug|Any CPU
		{06543F01-6C79-4669-A8C7-124727F98A9A}.Debug|Any CPU.Build.0 = Debug|Any CPU
		{06543F01-6C79-4669-A8C7-124727F98A9A}.Release|Any CPU.ActiveCfg = Release|Any CPU
		{06543F01-6C79-4669-A8C7-124727F98A9A}.Release|Any CPU.Build.0 = Release|Any CPU
		{5F51F264-8540-4F8E-84E6-46261AC3A0F8}.Debug|Any CPU.ActiveCfg = Debug|Any CPU
		{5F51F264-8540-4F8E-84E6-46261AC3A0F8}.Debug|Any CPU.Build.0 = Debug|Any CPU
		{5F51F264-8540-4F8E-84E6-46261AC3A0F8}.Release|Any CPU.ActiveCfg = Release|Any CPU
		{5F51F264-8540-4F8E-84E6-46261AC3A0F8}.Release|Any CPU.Build.0 = Release|Any CPU
		{5C549FCA-F7F4-430E-AA85-53D21BA62019}.Debug|Any CPU.ActiveCfg = Debug|Any CPU
		{5C549FCA-F7F4-430E-AA85-53D21BA62019}.Debug|Any CPU.Build.0 = Debug|Any CPU
		{5C549FCA-F7F4-430E-AA85-53D21BA62019}.Release|Any CPU.ActiveCfg = Release|Any CPU
		{5C549FCA-F7F4-430E-AA85-53D21BA62019}.Release|Any CPU.Build.0 = Release|Any CPU
		{25A8FDD6-5CE5-4EBD-8678-1495E2F9E5A9}.Debug|Any CPU.ActiveCfg = Debug|Any CPU
		{25A8FDD6-5CE5-4EBD-8678-1495E2F9E5A9}.Debug|Any CPU.Build.0 = Debug|Any CPU
		{25A8FDD6-5CE5-4EBD-8678-1495E2F9E5A9}.Release|Any CPU.ActiveCfg = Release|Any CPU
		{25A8FDD6-5CE5-4EBD-8678-1495E2F9E5A9}.Release|Any CPU.Build.0 = Release|Any CPU
		{50F876BA-00B9-4D46-8D0B-6235F317AB4B}.Debug|Any CPU.ActiveCfg = Debug|Any CPU
		{50F876BA-00B9-4D46-8D0B-6235F317AB4B}.Debug|Any CPU.Build.0 = Debug|Any CPU
		{50F876BA-00B9-4D46-8D0B-6235F317AB4B}.Release|Any CPU.ActiveCfg = Release|Any CPU
		{50F876BA-00B9-4D46-8D0B-6235F317AB4B}.Release|Any CPU.Build.0 = Release|Any CPU
		{FF2121FF-49CE-4F71-AA3F-30F2BB367ADB}.Debug|Any CPU.ActiveCfg = Debug|Any CPU
		{FF2121FF-49CE-4F71-AA3F-30F2BB367ADB}.Debug|Any CPU.Build.0 = Debug|Any CPU
		{FF2121FF-49CE-4F71-AA3F-30F2BB367ADB}.Release|Any CPU.ActiveCfg = Release|Any CPU
		{FF2121FF-49CE-4F71-AA3F-30F2BB367ADB}.Release|Any CPU.Build.0 = Release|Any CPU
		{62FDE938-3720-49E1-AB35-31E64A1040EA}.Debug|Any CPU.ActiveCfg = Debug|Any CPU
		{62FDE938-3720-49E1-AB35-31E64A1040EA}.Debug|Any CPU.Build.0 = Debug|Any CPU
		{62FDE938-3720-49E1-AB35-31E64A1040EA}.Release|Any CPU.ActiveCfg = Release|Any CPU
		{62FDE938-3720-49E1-AB35-31E64A1040EA}.Release|Any CPU.Build.0 = Release|Any CPU
		{D81E3CC3-FAA1-4A0B-AA18-B9275AA6744D}.Debug|Any CPU.ActiveCfg = Debug|Any CPU
		{D81E3CC3-FAA1-4A0B-AA18-B9275AA6744D}.Debug|Any CPU.Build.0 = Debug|Any CPU
		{D81E3CC3-FAA1-4A0B-AA18-B9275AA6744D}.Release|Any CPU.ActiveCfg = Release|Any CPU
		{D81E3CC3-FAA1-4A0B-AA18-B9275AA6744D}.Release|Any CPU.Build.0 = Release|Any CPU
		{C11F5E96-F219-4151-8F67-57933C337D7C}.Debug|Any CPU.ActiveCfg = Debug|Any CPU
		{C11F5E96-F219-4151-8F67-57933C337D7C}.Debug|Any CPU.Build.0 = Debug|Any CPU
		{C11F5E96-F219-4151-8F67-57933C337D7C}.Release|Any CPU.ActiveCfg = Release|Any CPU
		{C11F5E96-F219-4151-8F67-57933C337D7C}.Release|Any CPU.Build.0 = Release|Any CPU
		{D4316920-7094-4AD7-B66A-478B98D5F31D}.Debug|Any CPU.ActiveCfg = Debug|Any CPU
		{D4316920-7094-4AD7-B66A-478B98D5F31D}.Debug|Any CPU.Build.0 = Debug|Any CPU
		{D4316920-7094-4AD7-B66A-478B98D5F31D}.Release|Any CPU.ActiveCfg = Release|Any CPU
		{D4316920-7094-4AD7-B66A-478B98D5F31D}.Release|Any CPU.Build.0 = Release|Any CPU
		{0F1BF651-5363-4451-B5FB-C313E6B6583A}.Debug|Any CPU.ActiveCfg = Debug|Any CPU
		{0F1BF651-5363-4451-B5FB-C313E6B6583A}.Debug|Any CPU.Build.0 = Debug|Any CPU
		{0F1BF651-5363-4451-B5FB-C313E6B6583A}.Release|Any CPU.ActiveCfg = Release|Any CPU
		{0F1BF651-5363-4451-B5FB-C313E6B6583A}.Release|Any CPU.Build.0 = Release|Any CPU
		{465DA88D-0B0D-4AE4-AF13-47CDA6E1780E}.Debug|Any CPU.ActiveCfg = Debug|Any CPU
		{465DA88D-0B0D-4AE4-AF13-47CDA6E1780E}.Debug|Any CPU.Build.0 = Debug|Any CPU
		{465DA88D-0B0D-4AE4-AF13-47CDA6E1780E}.Release|Any CPU.ActiveCfg = Release|Any CPU
		{465DA88D-0B0D-4AE4-AF13-47CDA6E1780E}.Release|Any CPU.Build.0 = Release|Any CPU
		{EF1809D8-AB5D-4FE6-B112-477A2D2E582E}.Debug|Any CPU.ActiveCfg = Debug|Any CPU
		{EF1809D8-AB5D-4FE6-B112-477A2D2E582E}.Debug|Any CPU.Build.0 = Debug|Any CPU
		{EF1809D8-AB5D-4FE6-B112-477A2D2E582E}.Release|Any CPU.ActiveCfg = Release|Any CPU
		{EF1809D8-AB5D-4FE6-B112-477A2D2E582E}.Release|Any CPU.Build.0 = Release|Any CPU
		{37E4F38E-C48F-4EAE-A29E-08C8D7DF3BD0}.Debug|Any CPU.ActiveCfg = Debug|Any CPU
		{37E4F38E-C48F-4EAE-A29E-08C8D7DF3BD0}.Debug|Any CPU.Build.0 = Debug|Any CPU
		{37E4F38E-C48F-4EAE-A29E-08C8D7DF3BD0}.Release|Any CPU.ActiveCfg = Release|Any CPU
		{37E4F38E-C48F-4EAE-A29E-08C8D7DF3BD0}.Release|Any CPU.Build.0 = Release|Any CPU
		{129E7171-98B8-41B3-949A-64295BC64308}.Debug|Any CPU.ActiveCfg = Debug|Any CPU
		{129E7171-98B8-41B3-949A-64295BC64308}.Debug|Any CPU.Build.0 = Debug|Any CPU
		{129E7171-98B8-41B3-949A-64295BC64308}.Release|Any CPU.ActiveCfg = Release|Any CPU
		{129E7171-98B8-41B3-949A-64295BC64308}.Release|Any CPU.Build.0 = Release|Any CPU
		{4554DAB2-8BA2-46D7-94A7-43EC60A421F4}.Debug|Any CPU.ActiveCfg = Debug|Any CPU
		{4554DAB2-8BA2-46D7-94A7-43EC60A421F4}.Debug|Any CPU.Build.0 = Debug|Any CPU
		{4554DAB2-8BA2-46D7-94A7-43EC60A421F4}.Release|Any CPU.ActiveCfg = Release|Any CPU
		{4554DAB2-8BA2-46D7-94A7-43EC60A421F4}.Release|Any CPU.Build.0 = Release|Any CPU
		{6857F435-A403-409F-A4DC-699C4FBF8EA1}.Debug|Any CPU.ActiveCfg = Debug|Any CPU
		{6857F435-A403-409F-A4DC-699C4FBF8EA1}.Debug|Any CPU.Build.0 = Debug|Any CPU
		{6857F435-A403-409F-A4DC-699C4FBF8EA1}.Release|Any CPU.ActiveCfg = Release|Any CPU
		{6857F435-A403-409F-A4DC-699C4FBF8EA1}.Release|Any CPU.Build.0 = Release|Any CPU
	EndGlobalSection
	GlobalSection(SolutionProperties) = preSolution
		HideSolutionNode = FALSE
	EndGlobalSection
	GlobalSection(ExtensibilityGlobals) = postSolution
		SolutionGuid = {59B9ED46-DF74-4C37-B5BB-A4C189D76CBC}
	EndGlobalSection
EndGlobal
